// !$*UTF8*$!
{
	archiveVersion = 1;
	classes = {
	};
	objectVersion = 50;
	objects = {

/* Begin PBXBuildFile section */
		650EF3252234E8CD00174B40 /* AppDelegate.swift in Sources */ = {isa = PBXBuildFile; fileRef = 650EF3242234E8CD00174B40 /* AppDelegate.swift */; };
		650EF3272234E8CD00174B40 /* ViewController.swift in Sources */ = {isa = PBXBuildFile; fileRef = 650EF3262234E8CD00174B40 /* ViewController.swift */; };
		650EF32A2234E8CD00174B40 /* Main.storyboard in Resources */ = {isa = PBXBuildFile; fileRef = 650EF3282234E8CD00174B40 /* Main.storyboard */; };
		650EF32C2234E8CF00174B40 /* Assets.xcassets in Resources */ = {isa = PBXBuildFile; fileRef = 650EF32B2234E8CF00174B40 /* Assets.xcassets */; };
		650EF32F2234E8CF00174B40 /* LaunchScreen.storyboard in Resources */ = {isa = PBXBuildFile; fileRef = 650EF32D2234E8CF00174B40 /* LaunchScreen.storyboard */; };
		650EF3372234E9E600174B40 /* Swift+GIF.swift in Sources */ = {isa = PBXBuildFile; fileRef = 650EF3362234E9E600174B40 /* Swift+GIF.swift */; };
		650EF3392234EAC200174B40 /* movingroad.gif in Resources */ = {isa = PBXBuildFile; fileRef = 650EF3382234EAC200174B40 /* movingroad.gif */; };
		6512A9B02259018900DB6447 /* TutorialFuelViewController.swift in Sources */ = {isa = PBXBuildFile; fileRef = 6512A9AF2259018900DB6447 /* TutorialFuelViewController.swift */; };
		6512A9B2225902EF00DB6447 /* TutorialFinalViewController.swift in Sources */ = {isa = PBXBuildFile; fileRef = 6512A9B1225902EF00DB6447 /* TutorialFinalViewController.swift */; };
		651473DF226F0D54004671E8 /* theme.mp3 in Resources */ = {isa = PBXBuildFile; fileRef = 651473DE226F0D54004671E8 /* theme.mp3 */; };
		651473E1226F0D9A004671E8 /* game.mp3 in Resources */ = {isa = PBXBuildFile; fileRef = 651473E0226F0D99004671E8 /* game.mp3 */; };
		651473E3226F1687004671E8 /* gameover.mp3 in Resources */ = {isa = PBXBuildFile; fileRef = 651473E2226F1686004671E8 /* gameover.mp3 */; };
		651473E5226F1A9E004671E8 /* UsefulTableViewController.swift in Sources */ = {isa = PBXBuildFile; fileRef = 651473E4226F1A9E004671E8 /* UsefulTableViewController.swift */; };
		65354139223FC55400FEDB60 /* Trash.swift in Sources */ = {isa = PBXBuildFile; fileRef = 65354138223FC55400FEDB60 /* Trash.swift */; };
		65502A2522539D0500A5F22D /* MainMenuViewController.swift in Sources */ = {isa = PBXBuildFile; fileRef = 65502A2422539D0500A5F22D /* MainMenuViewController.swift */; };
		65502A2722539DCA00A5F22D /* TutorialViewController.swift in Sources */ = {isa = PBXBuildFile; fileRef = 65502A2622539DCA00A5F22D /* TutorialViewController.swift */; };
		65502A2922539DD500A5F22D /* SettingsTableViewController.swift in Sources */ = {isa = PBXBuildFile; fileRef = 65502A2822539DD500A5F22D /* SettingsTableViewController.swift */; };
		6551E0E3223E763F009A50C3 /* MinigameViewController.swift in Sources */ = {isa = PBXBuildFile; fileRef = 6551E0E2223E763F009A50C3 /* MinigameViewController.swift */; };
		655B23142248E03800FEEC3B /* FuelTableViewController.swift in Sources */ = {isa = PBXBuildFile; fileRef = 655B23132248E03800FEEC3B /* FuelTableViewController.swift */; };
		658CCC3E22648A7C00F7303F /* CarsUpgradeTableViewController.swift in Sources */ = {isa = PBXBuildFile; fileRef = 658CCC3D22648A7C00F7303F /* CarsUpgradeTableViewController.swift */; };
		659465A72268B9F70071EEB3 /* EngineTableViewController.swift in Sources */ = {isa = PBXBuildFile; fileRef = 659465A62268B9F70071EEB3 /* EngineTableViewController.swift */; };
		65E76EB82267605C00681DCE /* GasTankTableViewController.swift in Sources */ = {isa = PBXBuildFile; fileRef = 65E76EB72267605C00681DCE /* GasTankTableViewController.swift */; };
		65F5EDA0225B8F66001B91D8 /* CustomAlertViewController.swift in Sources */ = {isa = PBXBuildFile; fileRef = 65F5ED9F225B8F66001B91D8 /* CustomAlertViewController.swift */; };
/* End PBXBuildFile section */

/* Begin PBXFileReference section */
		650EF3212234E8CD00174B40 /* Car Game Test.app */ = {isa = PBXFileReference; explicitFileType = wrapper.application; includeInIndex = 0; path = "Car Game Test.app"; sourceTree = BUILT_PRODUCTS_DIR; };
		650EF3242234E8CD00174B40 /* AppDelegate.swift */ = {isa = PBXFileReference; lastKnownFileType = sourcecode.swift; path = AppDelegate.swift; sourceTree = "<group>"; };
		650EF3262234E8CD00174B40 /* ViewController.swift */ = {isa = PBXFileReference; lastKnownFileType = sourcecode.swift; path = ViewController.swift; sourceTree = "<group>"; };
		650EF3292234E8CD00174B40 /* Base */ = {isa = PBXFileReference; lastKnownFileType = file.storyboard; name = Base; path = Base.lproj/Main.storyboard; sourceTree = "<group>"; };
		650EF32B2234E8CF00174B40 /* Assets.xcassets */ = {isa = PBXFileReference; lastKnownFileType = folder.assetcatalog; path = Assets.xcassets; sourceTree = "<group>"; };
		650EF32E2234E8CF00174B40 /* Base */ = {isa = PBXFileReference; lastKnownFileType = file.storyboard; name = Base; path = Base.lproj/LaunchScreen.storyboard; sourceTree = "<group>"; };
		650EF3302234E8CF00174B40 /* Info.plist */ = {isa = PBXFileReference; lastKnownFileType = text.plist.xml; path = Info.plist; sourceTree = "<group>"; };
		650EF3362234E9E600174B40 /* Swift+GIF.swift */ = {isa = PBXFileReference; lastKnownFileType = sourcecode.swift; path = "Swift+GIF.swift"; sourceTree = "<group>"; };
		650EF3382234EAC200174B40 /* movingroad.gif */ = {isa = PBXFileReference; lastKnownFileType = image.gif; path = movingroad.gif; sourceTree = "<group>"; };
		6512A9AF2259018900DB6447 /* TutorialFuelViewController.swift */ = {isa = PBXFileReference; lastKnownFileType = sourcecode.swift; path = TutorialFuelViewController.swift; sourceTree = "<group>"; };
		6512A9B1225902EF00DB6447 /* TutorialFinalViewController.swift */ = {isa = PBXFileReference; lastKnownFileType = sourcecode.swift; path = TutorialFinalViewController.swift; sourceTree = "<group>"; };
		651473DE226F0D54004671E8 /* theme.mp3 */ = {isa = PBXFileReference; lastKnownFileType = audio.mp3; path = theme.mp3; sourceTree = "<group>"; };
		651473E0226F0D99004671E8 /* game.mp3 */ = {isa = PBXFileReference; lastKnownFileType = audio.mp3; path = game.mp3; sourceTree = "<group>"; };
		651473E2226F1686004671E8 /* gameover.mp3 */ = {isa = PBXFileReference; lastKnownFileType = audio.mp3; name = gameover.mp3; path = ../../gameover.mp3; sourceTree = "<group>"; };
		651473E4226F1A9E004671E8 /* UsefulTableViewController.swift */ = {isa = PBXFileReference; lastKnownFileType = sourcecode.swift; path = UsefulTableViewController.swift; sourceTree = "<group>"; };
		65354138223FC55400FEDB60 /* Trash.swift */ = {isa = PBXFileReference; lastKnownFileType = sourcecode.swift; path = Trash.swift; sourceTree = "<group>"; };
		65502A2422539D0500A5F22D /* MainMenuViewController.swift */ = {isa = PBXFileReference; lastKnownFileType = sourcecode.swift; path = MainMenuViewController.swift; sourceTree = "<group>"; };
		65502A2622539DCA00A5F22D /* TutorialViewController.swift */ = {isa = PBXFileReference; lastKnownFileType = sourcecode.swift; path = TutorialViewController.swift; sourceTree = "<group>"; };
		65502A2822539DD500A5F22D /* SettingsTableViewController.swift */ = {isa = PBXFileReference; lastKnownFileType = sourcecode.swift; path = SettingsTableViewController.swift; sourceTree = "<group>"; };
		6551E0E2223E763F009A50C3 /* MinigameViewController.swift */ = {isa = PBXFileReference; lastKnownFileType = sourcecode.swift; path = MinigameViewController.swift; sourceTree = "<group>"; };
		655B23132248E03800FEEC3B /* FuelTableViewController.swift */ = {isa = PBXFileReference; lastKnownFileType = sourcecode.swift; path = FuelTableViewController.swift; sourceTree = "<group>"; };
		658CCC3D22648A7C00F7303F /* CarsUpgradeTableViewController.swift */ = {isa = PBXFileReference; lastKnownFileType = sourcecode.swift; path = CarsUpgradeTableViewController.swift; sourceTree = "<group>"; };
		659465A62268B9F70071EEB3 /* EngineTableViewController.swift */ = {isa = PBXFileReference; lastKnownFileType = sourcecode.swift; path = EngineTableViewController.swift; sourceTree = "<group>"; };
		65E76EB72267605C00681DCE /* GasTankTableViewController.swift */ = {isa = PBXFileReference; lastKnownFileType = sourcecode.swift; path = GasTankTableViewController.swift; sourceTree = "<group>"; };
		65F5ED9F225B8F66001B91D8 /* CustomAlertViewController.swift */ = {isa = PBXFileReference; lastKnownFileType = sourcecode.swift; path = CustomAlertViewController.swift; sourceTree = "<group>"; };
/* End PBXFileReference section */

/* Begin PBXFrameworksBuildPhase section */
		650EF31E2234E8CD00174B40 /* Frameworks */ = {
			isa = PBXFrameworksBuildPhase;
			buildActionMask = 2147483647;
			files = (
			);
			runOnlyForDeploymentPostprocessing = 0;
		};
/* End PBXFrameworksBuildPhase section */

/* Begin PBXGroup section */
		650EF3182234E8CD00174B40 = {
			isa = PBXGroup;
			children = (
				650EF3232234E8CD00174B40 /* Car Game Test */,
				650EF3222234E8CD00174B40 /* Products */,
			);
			sourceTree = "<group>";
		};
		650EF3222234E8CD00174B40 /* Products */ = {
			isa = PBXGroup;
			children = (
				650EF3212234E8CD00174B40 /* Car Game Test.app */,
			);
			name = Products;
			sourceTree = "<group>";
		};
		650EF3232234E8CD00174B40 /* Car Game Test */ = {
			isa = PBXGroup;
			children = (
				650EF3242234E8CD00174B40 /* AppDelegate.swift */,
				650EF3362234E9E600174B40 /* Swift+GIF.swift */,
				65F5ED9F225B8F66001B91D8 /* CustomAlertViewController.swift */,
				658CCC3D22648A7C00F7303F /* CarsUpgradeTableViewController.swift */,
				650EF3282234E8CD00174B40 /* Main.storyboard */,
				651473E4226F1A9E004671E8 /* UsefulTableViewController.swift */,
				659465A62268B9F70071EEB3 /* EngineTableViewController.swift */,
				651473E2226F1686004671E8 /* gameover.mp3 */,
				651473DE226F0D54004671E8 /* theme.mp3 */,
				651473E0226F0D99004671E8 /* game.mp3 */,
				65E76EB72267605C00681DCE /* GasTankTableViewController.swift */,
				6512A9B1225902EF00DB6447 /* TutorialFinalViewController.swift */,
				6512A9AF2259018900DB6447 /* TutorialFuelViewController.swift */,
				65502A2622539DCA00A5F22D /* TutorialViewController.swift */,
				65502A2822539DD500A5F22D /* SettingsTableViewController.swift */,
				65502A2422539D0500A5F22D /* MainMenuViewController.swift */,
				65354138223FC55400FEDB60 /* Trash.swift */,
				6551E0E2223E763F009A50C3 /* MinigameViewController.swift */,
				650EF3262234E8CD00174B40 /* ViewController.swift */,
				655B23132248E03800FEEC3B /* FuelTableViewController.swift */,
				650EF3382234EAC200174B40 /* movingroad.gif */,
				650EF32B2234E8CF00174B40 /* Assets.xcassets */,
				650EF32D2234E8CF00174B40 /* LaunchScreen.storyboard */,
				650EF3302234E8CF00174B40 /* Info.plist */,
			);
			path = "Car Game Test";
			sourceTree = "<group>";
		};
/* End PBXGroup section */

/* Begin PBXNativeTarget section */
		650EF3202234E8CD00174B40 /* Car Game Test */ = {
			isa = PBXNativeTarget;
			buildConfigurationList = 650EF3332234E8CF00174B40 /* Build configuration list for PBXNativeTarget "Car Game Test" */;
			buildPhases = (
				650EF31D2234E8CD00174B40 /* Sources */,
				650EF31E2234E8CD00174B40 /* Frameworks */,
				650EF31F2234E8CD00174B40 /* Resources */,
			);
			buildRules = (
			);
			dependencies = (
			);
			name = "Car Game Test";
			productName = "Car Game Test";
			productReference = 650EF3212234E8CD00174B40 /* Car Game Test.app */;
			productType = "com.apple.product-type.application";
		};
/* End PBXNativeTarget section */

/* Begin PBXProject section */
		650EF3192234E8CD00174B40 /* Project object */ = {
			isa = PBXProject;
			attributes = {
				LastSwiftUpdateCheck = 1010;
				LastUpgradeCheck = 1010;
				ORGANIZATIONNAME = "Placeholder Interactive";
				TargetAttributes = {
					650EF3202234E8CD00174B40 = {
						CreatedOnToolsVersion = 10.1;
					};
				};
			};
			buildConfigurationList = 650EF31C2234E8CD00174B40 /* Build configuration list for PBXProject "Car Game Test" */;
			compatibilityVersion = "Xcode 9.3";
			developmentRegion = en;
			hasScannedForEncodings = 0;
			knownRegions = (
				en,
				Base,
			);
			mainGroup = 650EF3182234E8CD00174B40;
			productRefGroup = 650EF3222234E8CD00174B40 /* Products */;
			projectDirPath = "";
			projectRoot = "";
			targets = (
				650EF3202234E8CD00174B40 /* Car Game Test */,
			);
		};
/* End PBXProject section */

/* Begin PBXResourcesBuildPhase section */
		650EF31F2234E8CD00174B40 /* Resources */ = {
			isa = PBXResourcesBuildPhase;
			buildActionMask = 2147483647;
			files = (
				651473E3226F1687004671E8 /* gameover.mp3 in Resources */,
				651473E1226F0D9A004671E8 /* game.mp3 in Resources */,
				650EF3392234EAC200174B40 /* movingroad.gif in Resources */,
				650EF32F2234E8CF00174B40 /* LaunchScreen.storyboard in Resources */,
				650EF32C2234E8CF00174B40 /* Assets.xcassets in Resources */,
				651473DF226F0D54004671E8 /* theme.mp3 in Resources */,
				650EF32A2234E8CD00174B40 /* Main.storyboard in Resources */,
			);
			runOnlyForDeploymentPostprocessing = 0;
		};
/* End PBXResourcesBuildPhase section */

/* Begin PBXSourcesBuildPhase section */
		650EF31D2234E8CD00174B40 /* Sources */ = {
			isa = PBXSourcesBuildPhase;
			buildActionMask = 2147483647;
			files = (
				650EF3272234E8CD00174B40 /* ViewController.swift in Sources */,
				65354139223FC55400FEDB60 /* Trash.swift in Sources */,
				65502A2722539DCA00A5F22D /* TutorialViewController.swift in Sources */,
				659465A72268B9F70071EEB3 /* EngineTableViewController.swift in Sources */,
				6551E0E3223E763F009A50C3 /* MinigameViewController.swift in Sources */,
				651473E5226F1A9E004671E8 /* UsefulTableViewController.swift in Sources */,
				6512A9B02259018900DB6447 /* TutorialFuelViewController.swift in Sources */,
				650EF3372234E9E600174B40 /* Swift+GIF.swift in Sources */,
				65502A2522539D0500A5F22D /* MainMenuViewController.swift in Sources */,
				650EF3252234E8CD00174B40 /* AppDelegate.swift in Sources */,
				65F5EDA0225B8F66001B91D8 /* CustomAlertViewController.swift in Sources */,
				655B23142248E03800FEEC3B /* FuelTableViewController.swift in Sources */,
				65502A2922539DD500A5F22D /* SettingsTableViewController.swift in Sources */,
				658CCC3E22648A7C00F7303F /* CarsUpgradeTableViewController.swift in Sources */,
				65E76EB82267605C00681DCE /* GasTankTableViewController.swift in Sources */,
				6512A9B2225902EF00DB6447 /* TutorialFinalViewController.swift in Sources */,
			);
			runOnlyForDeploymentPostprocessing = 0;
		};
/* End PBXSourcesBuildPhase section */

/* Begin PBXVariantGroup section */
		650EF3282234E8CD00174B40 /* Main.storyboard */ = {
			isa = PBXVariantGroup;
			children = (
				650EF3292234E8CD00174B40 /* Base */,
			);
			name = Main.storyboard;
			sourceTree = "<group>";
		};
		650EF32D2234E8CF00174B40 /* LaunchScreen.storyboard */ = {
			isa = PBXVariantGroup;
			children = (
				650EF32E2234E8CF00174B40 /* Base */,
			);
			name = LaunchScreen.storyboard;
			sourceTree = "<group>";
		};
/* End PBXVariantGroup section */

/* Begin XCBuildConfiguration section */
		650EF3312234E8CF00174B40 /* Debug */ = {
			isa = XCBuildConfiguration;
			buildSettings = {
				ALWAYS_SEARCH_USER_PATHS = NO;
				CLANG_ANALYZER_NONNULL = YES;
				CLANG_ANALYZER_NUMBER_OBJECT_CONVERSION = YES_AGGRESSIVE;
				CLANG_CXX_LANGUAGE_STANDARD = "gnu++14";
				CLANG_CXX_LIBRARY = "libc++";
				CLANG_ENABLE_MODULES = YES;
				CLANG_ENABLE_OBJC_ARC = YES;
				CLANG_ENABLE_OBJC_WEAK = YES;
				CLANG_WARN_BLOCK_CAPTURE_AUTORELEASING = YES;
				CLANG_WARN_BOOL_CONVERSION = YES;
				CLANG_WARN_COMMA = YES;
				CLANG_WARN_CONSTANT_CONVERSION = YES;
				CLANG_WARN_DEPRECATED_OBJC_IMPLEMENTATIONS = YES;
				CLANG_WARN_DIRECT_OBJC_ISA_USAGE = YES_ERROR;
				CLANG_WARN_DOCUMENTATION_COMMENTS = YES;
				CLANG_WARN_EMPTY_BODY = YES;
				CLANG_WARN_ENUM_CONVERSION = YES;
				CLANG_WARN_INFINITE_RECURSION = YES;
				CLANG_WARN_INT_CONVERSION = YES;
				CLANG_WARN_NON_LITERAL_NULL_CONVERSION = YES;
				CLANG_WARN_OBJC_IMPLICIT_RETAIN_SELF = YES;
				CLANG_WARN_OBJC_LITERAL_CONVERSION = YES;
				CLANG_WARN_OBJC_ROOT_CLASS = YES_ERROR;
				CLANG_WARN_RANGE_LOOP_ANALYSIS = YES;
				CLANG_WARN_STRICT_PROTOTYPES = YES;
				CLANG_WARN_SUSPICIOUS_MOVE = YES;
				CLANG_WARN_UNGUARDED_AVAILABILITY = YES_AGGRESSIVE;
				CLANG_WARN_UNREACHABLE_CODE = YES;
				CLANG_WARN__DUPLICATE_METHOD_MATCH = YES;
				CODE_SIGN_IDENTITY = "iPhone Developer";
				COPY_PHASE_STRIP = NO;
				DEBUG_INFORMATION_FORMAT = dwarf;
				ENABLE_STRICT_OBJC_MSGSEND = YES;
				ENABLE_TESTABILITY = YES;
				GCC_C_LANGUAGE_STANDARD = gnu11;
				GCC_DYNAMIC_NO_PIC = NO;
				GCC_NO_COMMON_BLOCKS = YES;
				GCC_OPTIMIZATION_LEVEL = 0;
				GCC_PREPROCESSOR_DEFINITIONS = (
					"DEBUG=1",
					"$(inherited)",
				);
				GCC_WARN_64_TO_32_BIT_CONVERSION = YES;
				GCC_WARN_ABOUT_RETURN_TYPE = YES_ERROR;
				GCC_WARN_UNDECLARED_SELECTOR = YES;
				GCC_WARN_UNINITIALIZED_AUTOS = YES_AGGRESSIVE;
				GCC_WARN_UNUSED_FUNCTION = YES;
				GCC_WARN_UNUSED_VARIABLE = YES;
				IPHONEOS_DEPLOYMENT_TARGET = 12.1;
				MTL_ENABLE_DEBUG_INFO = INCLUDE_SOURCE;
				MTL_FAST_MATH = YES;
				ONLY_ACTIVE_ARCH = YES;
				SDKROOT = iphoneos;
				SWIFT_ACTIVE_COMPILATION_CONDITIONS = DEBUG;
				SWIFT_OPTIMIZATION_LEVEL = "-Onone";
			};
			name = Debug;
		};
		650EF3322234E8CF00174B40 /* Release */ = {
			isa = XCBuildConfiguration;
			buildSettings = {
				ALWAYS_SEARCH_USER_PATHS = NO;
				CLANG_ANALYZER_NONNULL = YES;
				CLANG_ANALYZER_NUMBER_OBJECT_CONVERSION = YES_AGGRESSIVE;
				CLANG_CXX_LANGUAGE_STANDARD = "gnu++14";
				CLANG_CXX_LIBRARY = "libc++";
				CLANG_ENABLE_MODULES = YES;
				CLANG_ENABLE_OBJC_ARC = YES;
				CLANG_ENABLE_OBJC_WEAK = YES;
				CLANG_WARN_BLOCK_CAPTURE_AUTORELEASING = YES;
				CLANG_WARN_BOOL_CONVERSION = YES;
				CLANG_WARN_COMMA = YES;
				CLANG_WARN_CONSTANT_CONVERSION = YES;
				CLANG_WARN_DEPRECATED_OBJC_IMPLEMENTATIONS = YES;
				CLANG_WARN_DIRECT_OBJC_ISA_USAGE = YES_ERROR;
				CLANG_WARN_DOCUMENTATION_COMMENTS = YES;
				CLANG_WARN_EMPTY_BODY = YES;
				CLANG_WARN_ENUM_CONVERSION = YES;
				CLANG_WARN_INFINITE_RECURSION = YES;
				CLANG_WARN_INT_CONVERSION = YES;
				CLANG_WARN_NON_LITERAL_NULL_CONVERSION = YES;
				CLANG_WARN_OBJC_IMPLICIT_RETAIN_SELF = YES;
				CLANG_WARN_OBJC_LITERAL_CONVERSION = YES;
				CLANG_WARN_OBJC_ROOT_CLASS = YES_ERROR;
				CLANG_WARN_RANGE_LOOP_ANALYSIS = YES;
				CLANG_WARN_STRICT_PROTOTYPES = YES;
				CLANG_WARN_SUSPICIOUS_MOVE = YES;
				CLANG_WARN_UNGUARDED_AVAILABILITY = YES_AGGRESSIVE;
				CLANG_WARN_UNREACHABLE_CODE = YES;
				CLANG_WARN__DUPLICATE_METHOD_MATCH = YES;
				CODE_SIGN_IDENTITY = "iPhone Developer";
				COPY_PHASE_STRIP = NO;
				DEBUG_INFORMATION_FORMAT = "dwarf-with-dsym";
				ENABLE_NS_ASSERTIONS = NO;
				ENABLE_STRICT_OBJC_MSGSEND = YES;
				GCC_C_LANGUAGE_STANDARD = gnu11;
				GCC_NO_COMMON_BLOCKS = YES;
				GCC_WARN_64_TO_32_BIT_CONVERSION = YES;
				GCC_WARN_ABOUT_RETURN_TYPE = YES_ERROR;
				GCC_WARN_UNDECLARED_SELECTOR = YES;
				GCC_WARN_UNINITIALIZED_AUTOS = YES_AGGRESSIVE;
				GCC_WARN_UNUSED_FUNCTION = YES;
				GCC_WARN_UNUSED_VARIABLE = YES;
				IPHONEOS_DEPLOYMENT_TARGET = 12.1;
				MTL_ENABLE_DEBUG_INFO = NO;
				MTL_FAST_MATH = YES;
				SDKROOT = iphoneos;
				SWIFT_COMPILATION_MODE = wholemodule;
				SWIFT_OPTIMIZATION_LEVEL = "-O";
				VALIDATE_PRODUCT = YES;
			};
			name = Release;
		};
		650EF3342234E8CF00174B40 /* Debug */ = {
			isa = XCBuildConfiguration;
			buildSettings = {
				ASSETCATALOG_COMPILER_APPICON_NAME = AppIcon;
				CODE_SIGN_STYLE = Automatic;
				DEVELOPMENT_TEAM = 2XU3BMKNS4;
				INFOPLIST_FILE = "Car Game Test/Info.plist";
				LD_RUNPATH_SEARCH_PATHS = (
					"$(inherited)",
					"@executable_path/Frameworks",
				);
				PRODUCT_BUNDLE_IDENTIFIER = "com.sampletexto.Car-Game-Test";
				PRODUCT_NAME = "$(TARGET_NAME)";
				SWIFT_VERSION = 4.2;
				TARGETED_DEVICE_FAMILY = "1,2";
			};
			name = Debug;
		};
		650EF3352234E8CF00174B40 /* Release */ = {
			isa = XCBuildConfiguration;
			buildSettings = {
				ASSETCATALOG_COMPILER_APPICON_NAME = AppIcon;
				CODE_SIGN_STYLE = Automatic;
				DEVELOPMENT_TEAM = 2XU3BMKNS4;
				INFOPLIST_FILE = "Car Game Test/Info.plist";
				LD_RUNPATH_SEARCH_PATHS = (
					"$(inherited)",
					"@executable_path/Frameworks",
				);
				PRODUCT_BUNDLE_IDENTIFIER = "com.sampletexto.Car-Game-Test";
				PRODUCT_NAME = "$(TARGET_NAME)";
				SWIFT_VERSION = 4.2;
				TARGETED_DEVICE_FAMILY = "1,2";
			};
			name = Release;
		};
/* End XCBuildConfiguration section */

/* Begin XCConfigurationList section */
		650EF31C2234E8CD00174B40 /* Build configuration list for PBXProject "Car Game Test" */ = {
			isa = XCConfigurationList;
			buildConfigurations = (
				650EF3312234E8CF00174B40 /* Debug */,
				650EF3322234E8CF00174B40 /* Release */,
			);
			defaultConfigurationIsVisible = 0;
			defaultConfigurationName = Release;
		};
		650EF3332234E8CF00174B40 /* Build configuration list for PBXNativeTarget "Car Game Test" */ = {
			isa = XCConfigurationList;
			buildConfigurations = (
				650EF3342234E8CF00174B40 /* Debug */,
				650EF3352234E8CF00174B40 /* Release */,
			);
			defaultConfigurationIsVisible = 0;
			defaultConfigurationName = Release;
		};
/* End XCConfigurationList section */
	};
	rootObject = 650EF3192234E8CD00174B40 /* Project object */;
}
